{
  "name": "licensingtest-npm",
  "version": "1.0.0",
  "lockfileVersion": 1,
  "requires": true,
  "dependencies": {
    "@babel/runtime": {
      "version": "7.11.2",
      "resolved": "http://139.59.68.91/@babel%2fruntime/-/runtime-7.11.2.tgz",
      "integrity": "sha512-TeWkU52so0mPtDcaCTxNBI/IHiz0pZgr8VEFqXFtZWpYD08ZB6FaSwVAS8MKRQAP3bYKiVjwysOJgMFY28o6Tw==",
      "requires": {
        "regenerator-runtime": "^0.13.4"
      }
    },
    "@fusioncharts/charts": {
      "version": "3.15.9",
      "resolved": "http://139.59.68.91/@fusioncharts%2fcharts/-/charts-3.15.9.tgz",
      "integrity": "sha512-RmqDOZs4ugGd+75aoWNr1tqg7aSSI0p3b3z3mtU4iS9yuF1BESc/v0YSVmrHaRps7sgZARUffJlCkt+4yi8iwA==",
      "requires": {
        "@babel/runtime": "^7.9.2",
        "@fusioncharts/core": "^1.0.10",
        "@fusioncharts/features": "^1.0.10",
        "@fusioncharts/utils": "^1.0.10"
      }
    },
    "@fusioncharts/constructor": {
      "version": "1.0.10",
      "resolved": "http://139.59.68.91/@fusioncharts%2fconstructor/-/constructor-1.0.10.tgz",
      "integrity": "sha512-adkunXOQPtBSz63GaDSyrMif54UQGmQOR+kRCXLwJzvPhXaW8OZaINS61uuqc3U40Az/ELpMvtsglRCuAWQeAg==",
      "requires": {
        "@babel/runtime": "^7.9.2",
        "@fusioncharts/core": "^1.0.10",
        "@fusioncharts/maps": "^3.15.9"
      }
    },
    "@fusioncharts/core": {
      "version": "1.0.10",
      "resolved": "http://139.59.68.91/@fusioncharts%2fcore/-/core-1.0.10.tgz",
      "integrity": "sha512-1UBg4iuEwhobGfbI8BrsHOEvjICevJ31UpTQkAf9yi/N0F/ZkZeKkQ4xriM7oQzVmljND5U4X+UhtjDekF/DbQ==",
      "requires": {
        "@babel/runtime": "^7.9.2",
        "@fusioncharts/utils": "^1.0.10",
        "core-js": "^3.0.1",
        "ramda": "^0.25.0"
      }
    },
    "@fusioncharts/datatable": {
      "version": "1.0.10",
      "resolved": "http://139.59.68.91/@fusioncharts%2fdatatable/-/datatable-1.0.10.tgz",
      "integrity": "sha512-8HKS8hZZ0S5MMalvnFboz99YRxqajFhcZmiNmzRivVv8i4Kl4RjuUoB4Q79Ja5zlWoHb01nw1ws0HX9jpC8GHA==",
      "requires": {
        "@babel/runtime": "^7.9.2",
        "@fusioncharts/utils": "^1.0.10"
      }
    },
    "@fusioncharts/features": {
      "version": "1.0.10",
      "resolved": "http://139.59.68.91/@fusioncharts%2ffeatures/-/features-1.0.10.tgz",
      "integrity": "sha512-JNKo/kZbREuSTqhUblJPhfh1n/D19QoTlxS1+rNEwm9deYM4240Gct68lxqfMfMQ5S2V97jHGFroAfe506f/2A==",
      "requires": {
        "@babel/runtime": "^7.9.2",
        "@fusioncharts/core": "^1.0.10",
        "@fusioncharts/utils": "^1.0.10"
      }
    },
    "@fusioncharts/fusiontime": {
      "version": "2.7.0",
      "resolved": "http://139.59.68.91/@fusioncharts%2ffusiontime/-/fusiontime-2.7.0.tgz",
      "integrity": "sha512-UG/vK/S1gXK5wsHzHok4TS6i/iQCSvKrertDh6F2seuhHRQUAnFI3k7hdq8J6cGVpM1UYk3O6BSCcmkJGMOQsA==",
      "requires": {
        "@babel/runtime": "^7.9.2",
        "@fusioncharts/charts": "^3.15.9",
        "@fusioncharts/core": "^1.0.10",
        "@fusioncharts/datatable": "^1.0.10",
        "@fusioncharts/utils": "^1.0.10",
        "ramda": "^0.25.0"
      }
    },
    "@fusioncharts/maps": {
      "version": "3.15.9",
      "resolved": "http://139.59.68.91/@fusioncharts%2fmaps/-/maps-3.15.9.tgz",
      "integrity": "sha512-qfu0k5wGuYGhGJf314nedx9SxXlPJWHbntvqmBPPCtVOLeYcmEiQPxNMOFDzmQFJJlXAUlmrYQt60qtbYVsnuw==",
      "requires": {
        "@babel/runtime": "^7.9.2",
        "@fusioncharts/charts": "^3.15.9",
        "@fusioncharts/core": "^1.0.10",
        "@fusioncharts/features": "^1.0.10"
      }
    },
    "@fusioncharts/powercharts": {
      "version": "3.15.9",
      "resolved": "http://139.59.68.91/@fusioncharts%2fpowercharts/-/powercharts-3.15.9.tgz",
      "integrity": "sha512-igVpNdFoxbQhVIJhk9nHY+OCEydhAu29Ck8wau0Sy/YmoGZFDBtmp8KPQuPmagiD6S2RPRbhUPXpdU4O9EKvAA==",
      "requires": {
        "@babel/runtime": "^7.9.2",
        "@fusioncharts/charts": "^3.15.9",
        "@fusioncharts/core": "^1.0.10",
        "@fusioncharts/utils": "^1.0.10"
      }
    },
    "@fusioncharts/utils": {
      "version": "1.0.10",
      "resolved": "http://139.59.68.91/@fusioncharts%2futils/-/utils-1.0.10.tgz",
      "integrity": "sha512-4u2XCns6WYzw1e5fV5Wf84zMJpaxgxLBcvJI4h24AQJZcpWauweoTTQXEUtREVkSn159I/j2lo0+0k8KrP382g==",
      "requires": {
        "@babel/runtime": "^7.9.2",
        "ramda": "^0.25.0"
      }
    },
    "@fusioncharts/widgets": {
      "version": "3.15.9",
      "resolved": "http://139.59.68.91/@fusioncharts%2fwidgets/-/widgets-3.15.9.tgz",
      "integrity": "sha512-gnLDcFFKuDHtJR9BXp6F/YE89tiiPc/IMkH+7/GkoPh5bqR6J9UUB3aIMvxvxRgh5t6parCS4LB/EQD1TbHZ1g==",
      "requires": {
        "@babel/runtime": "^7.9.2",
        "@fusioncharts/charts": "^3.15.9",
        "@fusioncharts/constructor": "^1.0.10",
        "@fusioncharts/core": "^1.0.10",
        "@fusioncharts/features": "^1.0.10",
        "@fusioncharts/utils": "^1.0.10"
      }
    },
    "core-js": {
      "version": "3.6.5",
      "resolved": "http://139.59.68.91/core-js/-/core-js-3.6.5.tgz",
      "integrity": "sha512-vZVEEwZoIsI+vPEuoF9Iqf5H7/M3eeQqWlQnYa8FSKKePuYTf5MWnxb5SDAzCa60b3JBRS5g9b+Dq7b1y/RCrA=="
    },
    "fusioncharts": {
      "version": "3.15.9",
      "resolved": "http://139.59.68.91/fusioncharts/-/fusioncharts-3.15.9.tgz",
      "integrity": "sha512-NwSnU6zEE9eZtU1DR5tDJ/aFPl+lEswTpqWsQDlCecT4mQkOXBy6vJRtai8RS1atGpZDzpMcZrL85cqFNXEl7A==",
      "requires": {
        "@babel/runtime": "^7.9.2",
        "@fusioncharts/charts": "^3.15.9",
        "@fusioncharts/constructor": "^1.0.10",
        "@fusioncharts/core": "^1.0.10",
        "@fusioncharts/datatable": "^1.0.10",
        "@fusioncharts/features": "^1.0.10",
        "@fusioncharts/fusiontime": "^2.7.0",
        "@fusioncharts/maps": "^3.15.9",
        "@fusioncharts/powercharts": "^3.15.9",
        "@fusioncharts/utils": "^1.0.10",
        "@fusioncharts/widgets": "^3.15.9",
        "mutationobserver-shim": "^0.3.5",
        "promise-polyfill": "^8.1.3"
      }
    },
    "mutationobserver-shim": {
      "version": "0.3.7",
      "resolved": "http://139.59.68.91/mutationobserver-shim/-/mutationobserver-shim-0.3.7.tgz",
      "integrity": "sha512-oRIDTyZQU96nAiz2AQyngwx1e89iApl2hN5AOYwyxLUB47UYsU3Wv9lJWqH5y/QdiYkc5HQLi23ZNB3fELdHcQ=="
    },
    "promise-polyfill": {
      "version": "8.1.3",
      "resolved": "http://139.59.68.91/promise-polyfill/-/promise-polyfill-8.1.3.tgz",
      "integrity": "sha512-MG5r82wBzh7pSKDRa9y+vllNHz3e3d4CNj1PQE4BQYxLme0gKYYBm9YENq+UkEikyZ0XbiGWxYlVw3Rl9O/U8g=="
    },
    "ramda": {
      "version": "0.25.0",
      "resolved": "http://139.59.68.91/ramda/-/ramda-0.25.0.tgz",
      "integrity": "sha512-GXpfrYVPwx3K7RQ6aYT8KPS8XViSXUVJT1ONhoKPE9VAleW42YE+U+8VEyGWt41EnEQW7gwecYJriTI0pKoecQ=="
    },
    "regenerator-runtime": {
      "version": "0.13.7",
      "resolved": "http://139.59.68.91/regenerator-runtime/-/regenerator-runtime-0.13.7.tgz",
      "integrity": "sha512-a54FxoJDIr27pgf7IgeQGxmqUNYrcV338lf/6gH456HZ/PhX+5BcwHXG9ajESmwe6WRO0tAzRUrRmNONWgkrew=="
    }
  }
}
